
Microsoft Visual Studio Solution File, Format Version 12.00
# Visual Studio 2013
VisualStudioVersion = 12.0.21005.1
MinimumVisualStudioVersion = 10.0.40219.1
Project("{8BC9CEB8-8B4A-11D0-8D11-00A0C91BC942}") = "W9A1-RateCalc_Array_Loop", "W9A1-RateCalc_Array_Loop.vcxproj", "{0F4C85DA-CF03-4A98-B3E9-79F0E9C991AA}"
EndProject
Global
	GlobalSection(SolutionConfigurationPlatforms) = preSolution
		Debug|Win32 = Debug|Win32
		Release|Win32 = Release|Win32
	EndGlobalSection
	GlobalSection(ProjectConfigurationPlatforms) = postSolution
		{0F4C85DA-CF03-4A98-B3E9-79F0E9C991AA}.Debug|Win32.ActiveCfg = Debug|Win32
		{0F4C85DA-CF03-4A98-B3E9-79F0E9C991AA}.Debug|Win32.Build.0 = Debug|Win32
		{0F4C85DA-CF03-4A98-B3E9-79F0E9C991AA}.Release|Win32.ActiveCfg = Release|Win32
		{0F4C85DA-CF03-4A98-B3E9-79F0E9C991AA}.Release|Win32.Build.0 = Release|Win32
	EndGlobalSection
	GlobalSection(SolutionProperties) = preSolution
		HideSolutionNode = FALSE
	EndGlobalSection
EndGlobal
